
Microsoft Visual Studio Solution File, Format Version 12.00
# Visual Studio Version 17
VisualStudioVersion = 17.4.33103.184
MinimumVisualStudioVersion = 10.0.40219.1
Project("{FAE04EC0-301F-11D3-BF4B-00C04F79EFBC}") = "CurrencyConvertor.Desktop", "CurrencyConvertor.Desktop\CurrencyConvertor.Desktop.csproj", "{47A79E97-3177-47F3-AB0F-4F0EA9E5E816}"
EndProject
Global
	GlobalSection(SolutionConfigurationPlatforms) = preSolution
		Debug|Any CPU = Debug|Any CPU
		Release|Any CPU = Release|Any CPU
	EndGlobalSection
	GlobalSection(ProjectConfigurationPlatforms) = postSolution
		{47A79E97-3177-47F3-AB0F-4F0EA9E5E816}.Debug|Any CPU.ActiveCfg = Debug|Any CPU
		{47A79E97-3177-47F3-AB0F-4F0EA9E5E816}.Debug|Any CPU.Build.0 = Debug|Any CPU
		{47A79E97-3177-47F3-AB0F-4F0EA9E5E816}.Release|Any CPU.ActiveCfg = Release|Any CPU
		{47A79E97-3177-47F3-AB0F-4F0EA9E5E816}.Release|Any CPU.Build.0 = Release|Any CPU
	EndGlobalSection
	GlobalSection(SolutionProperties) = preSolution
		HideSolutionNode = FALSE
	EndGlobalSection
	GlobalSection(ExtensibilityGlobals) = postSolution
		SolutionGuid = {1F1488C1-F8A1-45CC-81DA-0B8A37A272FD}
	EndGlobalSection
EndGlobal
